
Microsoft Visual Studio Solution File, Format Version 12.00
# Visual Studio Version 17
VisualStudioVersion = 17.13.35913.81 d17.13
MinimumVisualStudioVersion = 10.0.40219.1
Project("{FAE04EC0-301F-11D3-BF4B-00C04F79EFBC}") = "RecreioFerias", "RecreioFerias\RecreioFerias.csproj", "{21DAB47D-1B4A-44EA-941D-6E8B11279DE2}"
EndProject
Global
	GlobalSection(SolutionConfigurationPlatforms) = preSolution
		Debug|Any CPU = Debug|Any CPU
		Release|Any CPU = Release|Any CPU
	EndGlobalSection
	GlobalSection(ProjectConfigurationPlatforms) = postSolution
		{21DAB47D-1B4A-44EA-941D-6E8B11279DE2}.Debug|Any CPU.ActiveCfg = Debug|Any CPU
		{21DAB47D-1B4A-44EA-941D-6E8B11279DE2}.Debug|Any CPU.Build.0 = Debug|Any CPU
		{21DAB47D-1B4A-44EA-941D-6E8B11279DE2}.Release|Any CPU.ActiveCfg = Release|Any CPU
		{21DAB47D-1B4A-44EA-941D-6E8B11279DE2}.Release|Any CPU.Build.0 = Release|Any CPU
	EndGlobalSection
	GlobalSection(SolutionProperties) = preSolution
		HideSolutionNode = FALSE
	EndGlobalSection
	GlobalSection(ExtensibilityGlobals) = postSolution
		SolutionGuid = {28D73B6C-60AC-4016-90CB-99187D71C7C9}
	EndGlobalSection
EndGlobal
